{
  "name": "install_package",
  "version": "1.0.0",
  "lockfileVersion": 3,
  "requires": true,
  "packages": {
    "": {
      "name": "install_package",
      "version": "1.0.0",
      "license": "ISC",
      "dependencies": {
        "anna_math_package": "^1.0.0"
      }
    },
    "node_modules/anna_math_package": {
      "version": "1.0.0",
      "resolved": "https://registry.npmjs.org/anna_math_package/-/anna_math_package-1.0.0.tgz",
      "integrity": "sha512-Kk9uXczg4Pj1Dd3JfCP+chFBkkjsALsYcQtmhdR49uY8VC4uadtGfkq4acYd4M+eee80m5HkXfPAQLBWinilQQ=="
    }
  }
}
